// !$*UTF8*$!
{
	archiveVersion = 1;
	classes = {
	};
	objectVersion = 46;
	objects = {

/* Begin PBXBuildFile section */
		04694F2D1F135AAB00C75788 /* main.m in Sources */ = {isa = PBXBuildFile; fileRef = 04694F2C1F135AAB00C75788 /* main.m */; };
		04694F301F135AAB00C75788 /* AppDelegate.m in Sources */ = {isa = PBXBuildFile; fileRef = 04694F2F1F135AAB00C75788 /* AppDelegate.m */; };
		04694F331F135AAB00C75788 /* ViewController.m in Sources */ = {isa = PBXBuildFile; fileRef = 04694F321F135AAB00C75788 /* ViewController.m */; };
		04694F361F135AAB00C75788 /* Main.storyboard in Resources */ = {isa = PBXBuildFile; fileRef = 04694F341F135AAB00C75788 /* Main.storyboard */; };
		04694F381F135AAB00C75788 /* Assets.xcassets in Resources */ = {isa = PBXBuildFile; fileRef = 04694F371F135AAB00C75788 /* Assets.xcassets */; };
		04694F3B1F135AAB00C75788 /* LaunchScreen.storyboard in Resources */ = {isa = PBXBuildFile; fileRef = 04694F391F135AAB00C75788 /* LaunchScreen.storyboard */; };
		04694F461F135AAC00C75788 /* UIDynamicAnimationTests.m in Sources */ = {isa = PBXBuildFile; fileRef = 04694F451F135AAC00C75788 /* UIDynamicAnimationTests.m */; };
		04694F511F135AAC00C75788 /* UIDynamicAnimationUITests.m in Sources */ = {isa = PBXBuildFile; fileRef = 04694F501F135AAC00C75788 /* UIDynamicAnimationUITests.m */; };
		04A4DAE31F1463D900D9CB65 /* OfoView.m in Sources */ = {isa = PBXBuildFile; fileRef = 04A4DAE21F1463D900D9CB65 /* OfoView.m */; };
/* End PBXBuildFile section */

/* Begin PBXContainerItemProxy section */
		04694F421F135AAC00C75788 /* PBXContainerItemProxy */ = {
			isa = PBXContainerItemProxy;
			containerPortal = 04694F201F135AAB00C75788 /* Project object */;
			proxyType = 1;
			remoteGlobalIDString = 04694F271F135AAB00C75788;
			remoteInfo = UIDynamicAnimation;
		};
		04694F4D1F135AAC00C75788 /* PBXContainerItemProxy */ = {
			isa = PBXContainerItemProxy;
			containerPortal = 04694F201F135AAB00C75788 /* Project object */;
			proxyType = 1;
			remoteGlobalIDString = 04694F271F135AAB00C75788;
			remoteInfo = UIDynamicAnimation;
		};
/* End PBXContainerItemProxy section */

/* Begin PBXFileReference section */
		04694F281F135AAB00C75788 /* UIDynamicAnimation.app */ = {isa = PBXFileReference; explicitFileType = wrapper.application; includeInIndex = 0; path = UIDynamicAnimation.app; sourceTree = BUILT_PRODUCTS_DIR; };
		04694F2C1F135AAB00C75788 /* main.m */ = {isa = PBXFileReference; lastKnownFileType = sourcecode.c.objc; path = main.m; sourceTree = "<group>"; };
		04694F2E1F135AAB00C75788 /* AppDelegate.h */ = {isa = PBXFileReference; lastKnownFileType = sourcecode.c.h; path = AppDelegate.h; sourceTree = "<group>"; };
		04694F2F1F135AAB00C75788 /* AppDelegate.m */ = {isa = PBXFileReference; lastKnownFileType = sourcecode.c.objc; path = AppDelegate.m; sourceTree = "<group>"; };
		04694F311F135AAB00C75788 /* ViewController.h */ = {isa = PBXFileReference; lastKnownFileType = sourcecode.c.h; path = ViewController.h; sourceTree = "<group>"; };
		04694F321F135AAB00C75788 /* ViewController.m */ = {isa = PBXFileReference; lastKnownFileType = sourcecode.c.objc; path = ViewController.m; sourceTree = "<group>"; };
		04694F351F135AAB00C75788 /* Base */ = {isa = PBXFileReference; lastKnownFileType = file.storyboard; name = Base; path = Base.lproj/Main.storyboard; sourceTree = "<group>"; };
		04694F371F135AAB00C75788 /* Assets.xcassets */ = {isa = PBXFileReference; lastKnownFileType = folder.assetcatalog; path = Assets.xcassets; sourceTree = "<group>"; };
		04694F3A1F135AAB00C75788 /* Base */ = {isa = PBXFileReference; lastKnownFileType = file.storyboard; name = Base; path = Base.lproj/LaunchScreen.storyboard; sourceTree = "<group>"; };
		04694F3C1F135AAB00C75788 /* Info.plist */ = {isa = PBXFileReference; lastKnownFileType = text.plist.xml; path = Info.plist; sourceTree = "<group>"; };
		04694F411F135AAC00C75788 /* UIDynamicAnimationTests.xctest */ = {isa = PBXFileReference; explicitFileType = wrapper.cfbundle; includeInIndex = 0; path = UIDynamicAnimationTests.xctest; sourceTree = BUILT_PRODUCTS_DIR; };
		04694F451F135AAC00C75788 /* UIDynamicAnimationTests.m */ = {isa = PBXFileReference; lastKnownFileType = sourcecode.c.objc; path = UIDynamicAnimationTests.m; sourceTree = "<group>"; };
		04694F471F135AAC00C75788 /* Info.plist */ = {isa = PBXFileReference; lastKnownFileType = text.plist.xml; path = Info.plist; sourceTree = "<group>"; };
		04694F4C1F135AAC00C75788 /* UIDynamicAnimationUITests.xctest */ = {isa = PBXFileReference; explicitFileType = wrapper.cfbundle; includeInIndex = 0; path = UIDynamicAnimationUITests.xctest; sourceTree = BUILT_PRODUCTS_DIR; };
		04694F501F135AAC00C75788 /* UIDynamicAnimationUITests.m */ = {isa = PBXFileReference; lastKnownFileType = sourcecode.c.objc; path = UIDynamicAnimationUITests.m; sourceTree = "<group>"; };
		04694F521F135AAC00C75788 /* Info.plist */ = {isa = PBXFileReference; lastKnownFileType = text.plist.xml; path = Info.plist; sourceTree = "<group>"; };
		04A4DAE11F1463D900D9CB65 /* OfoView.h */ = {isa = PBXFileReference; fileEncoding = 4; lastKnownFileType = sourcecode.c.h; path = OfoView.h; sourceTree = "<group>"; };
		04A4DAE21F1463D900D9CB65 /* OfoView.m */ = {isa = PBXFileReference; fileEncoding = 4; lastKnownFileType = sourcecode.c.objc; path = OfoView.m; sourceTree = "<group>"; };
/* End PBXFileReference section */

/* Begin PBXFrameworksBuildPhase section */
		04694F251F135AAB00C75788 /* Frameworks */ = {
			isa = PBXFrameworksBuildPhase;
			buildActionMask = 2147483647;
			files = (
			);
			runOnlyForDeploymentPostprocessing = 0;
		};
		04694F3E1F135AAC00C75788 /* Frameworks */ = {
			isa = PBXFrameworksBuildPhase;
			buildActionMask = 2147483647;
			files = (
			);
			runOnlyForDeploymentPostprocessing = 0;
		};
		04694F491F135AAC00C75788 /* Frameworks */ = {
			isa = PBXFrameworksBuildPhase;
			buildActionMask = 2147483647;
			files = (
			);
			runOnlyForDeploymentPostprocessing = 0;
		};
/* End PBXFrameworksBuildPhase section */

/* Begin PBXGroup section */
		04694F1F1F135AAB00C75788 = {
			isa = PBXGroup;
			children = (
				04694F2A1F135AAB00C75788 /* UIDynamicAnimation */,
				04694F441F135AAC00C75788 /* UIDynamicAnimationTests */,
				04694F4F1F135AAC00C75788 /* UIDynamicAnimationUITests */,
				04694F291F135AAB00C75788 /* Products */,
			);
			sourceTree = "<group>";
		};
		04694F291F135AAB00C75788 /* Products */ = {
			isa = PBXGroup;
			children = (
				04694F281F135AAB00C75788 /* UIDynamicAnimation.app */,
				04694F411F135AAC00C75788 /* UIDynamicAnimationTests.xctest */,
				04694F4C1F135AAC00C75788 /* UIDynamicAnimationUITests.xctest */,
			);
			name = Products;
			sourceTree = "<group>";
		};
		04694F2A1F135AAB00C75788 /* UIDynamicAnimation */ = {
			isa = PBXGroup;
			children = (
				04694F2E1F135AAB00C75788 /* AppDelegate.h */,
				04694F2F1F135AAB00C75788 /* AppDelegate.m */,
				04694F311F135AAB00C75788 /* ViewController.h */,
				04694F321F135AAB00C75788 /* ViewController.m */,
				04A4DAE11F1463D900D9CB65 /* OfoView.h */,
				04A4DAE21F1463D900D9CB65 /* OfoView.m */,
				04694F341F135AAB00C75788 /* Main.storyboard */,
				04694F371F135AAB00C75788 /* Assets.xcassets */,
				04694F391F135AAB00C75788 /* LaunchScreen.storyboard */,
				04694F3C1F135AAB00C75788 /* Info.plist */,
				04694F2B1F135AAB00C75788 /* Supporting Files */,
			);
			path = UIDynamicAnimation;
			sourceTree = "<group>";
		};
		04694F2B1F135AAB00C75788 /* Supporting Files */ = {
			isa = PBXGroup;
			children = (
				04694F2C1F135AAB00C75788 /* main.m */,
			);
			name = "Supporting Files";
			sourceTree = "<group>";
		};
		04694F441F135AAC00C75788 /* UIDynamicAnimationTests */ = {
			isa = PBXGroup;
			children = (
				04694F451F135AAC00C75788 /* UIDynamicAnimationTests.m */,
				04694F471F135AAC00C75788 /* Info.plist */,
			);
			path = UIDynamicAnimationTests;
			sourceTree = "<group>";
		};
		04694F4F1F135AAC00C75788 /* UIDynamicAnimationUITests */ = {
			isa = PBXGroup;
			children = (
				04694F501F135AAC00C75788 /* UIDynamicAnimationUITests.m */,
				04694F521F135AAC00C75788 /* Info.plist */,
			);
			path = UIDynamicAnimationUITests;
			sourceTree = "<group>";
		};
/* End PBXGroup section */

/* Begin PBXNativeTarget section */
		04694F271F135AAB00C75788 /* UIDynamicAnimation */ = {
			isa = PBXNativeTarget;
			buildConfigurationList = 04694F551F135AAC00C75788 /* Build configuration list for PBXNativeTarget "UIDynamicAnimation" */;
			buildPhases = (
				04694F241F135AAB00C75788 /* Sources */,
				04694F251F135AAB00C75788 /* Frameworks */,
				04694F261F135AAB00C75788 /* Resources */,
			);
			buildRules = (
			);
			dependencies = (
			);
			name = UIDynamicAnimation;
			productName = UIDynamicAnimation;
			productReference = 04694F281F135AAB00C75788 /* UIDynamicAnimation.app */;
			productType = "com.apple.product-type.application";
		};
		04694F401F135AAC00C75788 /* UIDynamicAnimationTests */ = {
			isa = PBXNativeTarget;
			buildConfigurationList = 04694F581F135AAC00C75788 /* Build configuration list for PBXNativeTarget "UIDynamicAnimationTests" */;
			buildPhases = (
				04694F3D1F135AAC00C75788 /* Sources */,
				04694F3E1F135AAC00C75788 /* Frameworks */,
				04694F3F1F135AAC00C75788 /* Resources */,
			);
			buildRules = (
			);
			dependencies = (
				04694F431F135AAC00C75788 /* PBXTargetDependency */,
			);
			name = UIDynamicAnimationTests;
			productName = UIDynamicAnimationTests;
			productReference = 04694F411F135AAC00C75788 /* UIDynamicAnimationTests.xctest */;
			productType = "com.apple.product-type.bundle.unit-test";
		};
		04694F4B1F135AAC00C75788 /* UIDynamicAnimationUITests */ = {
			isa = PBXNativeTarget;
			buildConfigurationList = 04694F5B1F135AAC00C75788 /* Build configuration list for PBXNativeTarget "UIDynamicAnimationUITests" */;
			buildPhases = (
				04694F481F135AAC00C75788 /* Sources */,
				04694F491F135AAC00C75788 /* Frameworks */,
				04694F4A1F135AAC00C75788 /* Resources */,
			);
			buildRules = (
			);
			dependencies = (
				04694F4E1F135AAC00C75788 /* PBXTargetDependency */,
			);
			name = UIDynamicAnimationUITests;
			productName = UIDynamicAnimationUITests;
			productReference = 04694F4C1F135AAC00C75788 /* UIDynamicAnimationUITests.xctest */;
			productType = "com.apple.product-type.bundle.ui-testing";
		};
/* End PBXNativeTarget section */

/* Begin PBXProject section */
		04694F201F135AAB00C75788 /* Project object */ = {
			isa = PBXProject;
			attributes = {
				LastUpgradeCheck = 0830;
				ORGANIZATIONNAME = nicholas;
				TargetAttributes = {
					04694F271F135AAB00C75788 = {
						CreatedOnToolsVersion = 8.3.1;
						DevelopmentTeam = 694ZCJZLQ8;
						ProvisioningStyle = Automatic;
					};
					04694F401F135AAC00C75788 = {
						CreatedOnToolsVersion = 8.3.1;
						ProvisioningStyle = Automatic;
						TestTargetID = 04694F271F135AAB00C75788;
					};
					04694F4B1F135AAC00C75788 = {
						CreatedOnToolsVersion = 8.3.1;
						ProvisioningStyle = Automatic;
						TestTargetID = 04694F271F135AAB00C75788;
					};
				};
			};
			buildConfigurationList = 04694F231F135AAB00C75788 /* Build configuration list for PBXProject "UIDynamicAnimation" */;
			compatibilityVersion = "Xcode 3.2";
			developmentRegion = English;
			hasScannedForEncodings = 0;
			knownRegions = (
				en,
				Base,
			);
			mainGroup = 04694F1F1F135AAB00C75788;
			productRefGroup = 04694F291F135AAB00C75788 /* Products */;
			projectDirPath = "";
			projectRoot = "";
			targets = (
				04694F271F135AAB00C75788 /* UIDynamicAnimation */,
				04694F401F135AAC00C75788 /* UIDynamicAnimationTests */,
				04694F4B1F135AAC00C75788 /* UIDynamicAnimationUITests */,
			);
		};
/* End PBXProject section */

/* Begin PBXResourcesBuildPhase section */
		04694F261F135AAB00C75788 /* Resources */ = {
			isa = PBXResourcesBuildPhase;
			buildActionMask = 2147483647;
			files = (
				04694F3B1F135AAB00C75788 /* LaunchScreen.storyboard in Resources */,
				04694F381F135AAB00C75788 /* Assets.xcassets in Resources */,
				04694F361F135AAB00C75788 /* Main.storyboard in Resources */,
			);
			runOnlyForDeploymentPostprocessing = 0;
		};
		04694F3F1F135AAC00C75788 /* Resources */ = {
			isa = PBXResourcesBuildPhase;
			buildActionMask = 2147483647;
			files = (
			);
			runOnlyForDeploymentPostprocessing = 0;
		};
		04694F4A1F135AAC00C75788 /* Resources */ = {
			isa = PBXResourcesBuildPhase;
			buildActionMask = 2147483647;
			files = (
			);
			runOnlyForDeploymentPostprocessing = 0;
		};
/* End PBXResourcesBuildPhase section */

/* Begin PBXSourcesBuildPhase section */
		04694F241F135AAB00C75788 /* Sources */ = {
			isa = PBXSourcesBuildPhase;
			buildActionMask = 2147483647;
			files = (
				04694F331F135AAB00C75788 /* ViewController.m in Sources */,
				04694F301F135AAB00C75788 /* AppDelegate.m in Sources */,
				04694F2D1F135AAB00C75788 /* main.m in Sources */,
				04A4DAE31F1463D900D9CB65 /* OfoView.m in Sources */,
			);
			runOnlyForDeploymentPostprocessing = 0;
		};
		04694F3D1F135AAC00C75788 /* Sources */ = {
			isa = PBXSourcesBuildPhase;
			buildActionMask = 2147483647;
			files = (
				04694F461F135AAC00C75788 /* UIDynamicAnimationTests.m in Sources */,
			);
			runOnlyForDeploymentPostprocessing = 0;
		};
		04694F481F135AAC00C75788 /* Sources */ = {
			isa = PBXSourcesBuildPhase;
			buildActionMask = 2147483647;
			files = (
				04694F511F135AAC00C75788 /* UIDynamicAnimationUITests.m in Sources */,
			);
			runOnlyForDeploymentPostprocessing = 0;
		};
/* End PBXSourcesBuildPhase section */

/* Begin PBXTargetDependency section */
		04694F431F135AAC00C75788 /* PBXTargetDependency */ = {
			isa = PBXTargetDependency;
			target = 04694F271F135AAB00C75788 /* UIDynamicAnimation */;
			targetProxy = 04694F421F135AAC00C75788 /* PBXContainerItemProxy */;
		};
		04694F4E1F135AAC00C75788 /* PBXTargetDependency */ = {
			isa = PBXTargetDependency;
			target = 04694F271F135AAB00C75788 /* UIDynamicAnimation */;
			targetProxy = 04694F4D1F135AAC00C75788 /* PBXContainerItemProxy */;
		};
/* End PBXTargetDependency section */

/* Begin PBXVariantGroup section */
		04694F341F135AAB00C75788 /* Main.storyboard */ = {
			isa = PBXVariantGroup;
			children = (
				04694F351F135AAB00C75788 /* Base */,
			);
			name = Main.storyboard;
			sourceTree = "<group>";
		};
		04694F391F135AAB00C75788 /* LaunchScreen.storyboard */ = {
			isa = PBXVariantGroup;
			children = (
				04694F3A1F135AAB00C75788 /* Base */,
			);
			name = LaunchScreen.storyboard;
			sourceTree = "<group>";
		};
/* End PBXVariantGroup section */

/* Begin XCBuildConfiguration section */
		04694F531F135AAC00C75788 /* Debug */ = {
			isa = XCBuildConfiguration;
			buildSettings = {
				ALWAYS_SEARCH_USER_PATHS = NO;
				CLANG_ANALYZER_NONNULL = YES;
				CLANG_ANALYZER_NUMBER_OBJECT_CONVERSION = YES_AGGRESSIVE;
				CLANG_CXX_LANGUAGE_STANDARD = "gnu++0x";
				CLANG_CXX_LIBRARY = "libc++";
				CLANG_ENABLE_MODULES = YES;
				CLANG_ENABLE_OBJC_ARC = YES;
				CLANG_WARN_BOOL_CONVERSION = YES;
				CLANG_WARN_CONSTANT_CONVERSION = YES;
				CLANG_WARN_DIRECT_OBJC_ISA_USAGE = YES_ERROR;
				CLANG_WARN_DOCUMENTATION_COMMENTS = YES;
				CLANG_WARN_EMPTY_BODY = YES;
				CLANG_WARN_ENUM_CONVERSION = YES;
				CLANG_WARN_INFINITE_RECURSION = YES;
				CLANG_WARN_INT_CONVERSION = YES;
				CLANG_WARN_OBJC_ROOT_CLASS = YES_ERROR;
				CLANG_WARN_SUSPICIOUS_MOVE = YES;
				CLANG_WARN_UNREACHABLE_CODE = YES;
				CLANG_WARN__DUPLICATE_METHOD_MATCH = YES;
				"CODE_SIGN_IDENTITY[sdk=iphoneos*]" = "iPhone Developer";
				COPY_PHASE_STRIP = NO;
				DEBUG_INFORMATION_FORMAT = dwarf;
				ENABLE_STRICT_OBJC_MSGSEND = YES;
				ENABLE_TESTABILITY = YES;
				GCC_C_LANGUAGE_STANDARD = gnu99;
				GCC_DYNAMIC_NO_PIC = NO;
				GCC_NO_COMMON_BLOCKS = YES;
				GCC_OPTIMIZATION_LEVEL = 0;
				GCC_PREPROCESSOR_DEFINITIONS = (
					"DEBUG=1",
					"$(inherited)",
				);
				GCC_WARN_64_TO_32_BIT_CONVERSION = YES;
				GCC_WARN_ABOUT_RETURN_TYPE = YES_ERROR;
				GCC_WARN_UNDECLARED_SELECTOR = YES;
				GCC_WARN_UNINITIALIZED_AUTOS = YES_AGGRESSIVE;
				GCC_WARN_UNUSED_FUNCTION = YES;
				GCC_WARN_UNUSED_VARIABLE = YES;
				IPHONEOS_DEPLOYMENT_TARGET = 10.3;
				MTL_ENABLE_DEBUG_INFO = YES;
				ONLY_ACTIVE_ARCH = YES;
				SDKROOT = iphoneos;
			};
			name = Debug;
		};
		04694F541F135AAC00C75788 /* Release */ = {
			isa = XCBuildConfiguration;
			buildSettings = {
				ALWAYS_SEARCH_USER_PATHS = NO;
				CLANG_ANALYZER_NONNULL = YES;
				CLANG_ANALYZER_NUMBER_OBJECT_CONVERSION = YES_AGGRESSIVE;
				CLANG_CXX_LANGUAGE_STANDARD = "gnu++0x";
				CLANG_CXX_LIBRARY = "libc++";
				CLANG_ENABLE_MODULES = YES;
				CLANG_ENABLE_OBJC_ARC = YES;
				CLANG_WARN_BOOL_CONVERSION = YES;
				CLANG_WARN_CONSTANT_CONVERSION = YES;
				CLANG_WARN_DIRECT_OBJC_ISA_USAGE = YES_ERROR;
				CLANG_WARN_DOCUMENTATION_COMMENTS = YES;
				CLANG_WARN_EMPTY_BODY = YES;
				CLANG_WARN_ENUM_CONVERSION = YES;
				CLANG_WARN_INFINITE_RECURSION = YES;
				CLANG_WARN_INT_CONVERSION = YES;
				CLANG_WARN_OBJC_ROOT_CLASS = YES_ERROR;
				CLANG_WARN_SUSPICIOUS_MOVE = YES;
				CLANG_WARN_UNREACHABLE_CODE = YES;
				CLANG_WARN__DUPLICATE_METHOD_MATCH = YES;
				"CODE_SIGN_IDENTITY[sdk=iphoneos*]" = "iPhone Developer";
				COPY_PHASE_STRIP = NO;
				DEBUG_INFORMATION_FORMAT = "dwarf-with-dsym";
				ENABLE_NS_ASSERTIONS = NO;
				ENABLE_STRICT_OBJC_MSGSEND = YES;
				GCC_C_LANGUAGE_STANDARD = gnu99;
				GCC_NO_COMMON_BLOCKS = YES;
				GCC_WARN_64_TO_32_BIT_CONVERSION = YES;
				GCC_WARN_ABOUT_RETURN_TYPE = YES_ERROR;
				GCC_WARN_UNDECLARED_SELECTOR = YES;
				GCC_WARN_UNINITIALIZED_AUTOS = YES_AGGRESSIVE;
				GCC_WARN_UNUSED_FUNCTION = YES;
				GCC_WARN_UNUSED_VARIABLE = YES;
				IPHONEOS_DEPLOYMENT_TARGET = 10.3;
				MTL_ENABLE_DEBUG_INFO = NO;
				SDKROOT = iphoneos;
				VALIDATE_PRODUCT = YES;
			};
			name = Release;
		};
		04694F561F135AAC00C75788 /* Debug */ = {
			isa = XCBuildConfiguration;
			buildSettings = {
				ASSETCATALOG_COMPILER_APPICON_NAME = AppIcon;
				DEVELOPMENT_TEAM = 694ZCJZLQ8;
				INFOPLIST_FILE = UIDynamicAnimation/Info.plist;
				IPHONEOS_DEPLOYMENT_TARGET = 10.0;
				LD_RUNPATH_SEARCH_PATHS = "$(inherited) @executable_path/Frameworks";
				PRODUCT_BUNDLE_IDENTIFIER = com.bbCar.UIDynamicAnimation;
				PRODUCT_NAME = "$(TARGET_NAME)";
			};
			name = Debug;
		};
		04694F571F135AAC00C75788 /* Release */ = {
			isa = XCBuildConfiguration;
			buildSettings = {
				ASSETCATALOG_COMPILER_APPICON_NAME = AppIcon;
				DEVELOPMENT_TEAM = 694ZCJZLQ8;
				INFOPLIST_FILE = UIDynamicAnimation/Info.plist;
				IPHONEOS_DEPLOYMENT_TARGET = 10.0;
				LD_RUNPATH_SEARCH_PATHS = "$(inherited) @executable_path/Frameworks";
				PRODUCT_BUNDLE_IDENTIFIER = com.bbCar.UIDynamicAnimation;
				PRODUCT_NAME = "$(TARGET_NAME)";
			};
			name = Release;
		};
		04694F591F135AAC00C75788 /* Debug */ = {
			isa = XCBuildConfiguration;
			buildSettings = {
				BUNDLE_LOADER = "$(TEST_HOST)";
				INFOPLIST_FILE = UIDynamicAnimationTests/Info.plist;
				LD_RUNPATH_SEARCH_PATHS = "$(inherited) @executable_path/Frameworks @loader_path/Frameworks";
				PRODUCT_BUNDLE_IDENTIFIER = com.bbCar.UIDynamicAnimationTests;
				PRODUCT_NAME = "$(TARGET_NAME)";
				TEST_HOST = "$(BUILT_PRODUCTS_DIR)/UIDynamicAnimation.app/UIDynamicAnimation";
			};
			name = Debug;
		};
		04694F5A1F135AAC00C75788 /* Release */ = {
			isa = XCBuildConfiguration;
			buildSettings = {
				BUNDLE_LOADER = "$(TEST_HOST)";
				INFOPLIST_FILE = UIDynamicAnimationTests/Info.plist;
				LD_RUNPATH_SEARCH_PATHS = "$(inherited) @executable_path/Frameworks @loader_path/Frameworks";
				PRODUCT_BUNDLE_IDENTIFIER = com.bbCar.UIDynamicAnimationTests;
				PRODUCT_NAME = "$(TARGET_NAME)";
				TEST_HOST = "$(BUILT_PRODUCTS_DIR)/UIDynamicAnimation.app/UIDynamicAnimation";
			};
			name = Release;
		};
		04694F5C1F135AAC00C75788 /* Debug */ = {
			isa = XCBuildConfiguration;
			buildSettings = {
				INFOPLIST_FILE = UIDynamicAnimationUITests/Info.plist;
				LD_RUNPATH_SEARCH_PATHS = "$(inherited) @executable_path/Frameworks @loader_path/Frameworks";
				PRODUCT_BUNDLE_IDENTIFIER = com.bbCar.UIDynamicAnimationUITests;
				PRODUCT_NAME = "$(TARGET_NAME)";
				TEST_TARGET_NAME = UIDynamicAnimation;
			};
			name = Debug;
		};
		04694F5D1F135AAC00C75788 /* Release */ = {
			isa = XCBuildConfiguration;
			buildSettings = {
				INFOPLIST_FILE = UIDynamicAnimationUITests/Info.plist;
				LD_RUNPATH_SEARCH_PATHS = "$(inherited) @executable_path/Frameworks @loader_path/Frameworks";
				PRODUCT_BUNDLE_IDENTIFIER = com.bbCar.UIDynamicAnimationUITests;
				PRODUCT_NAME = "$(TARGET_NAME)";
				TEST_TARGET_NAME = UIDynamicAnimation;
			};
			name = Release;
		};
/* End XCBuildConfiguration section */

/* Begin XCConfigurationList section */
		04694F231F135AAB00C75788 /* Build configuration list for PBXProject "UIDynamicAnimation" */ = {
			isa = XCConfigurationList;
			buildConfigurations = (
				04694F531F135AAC00C75788 /* Debug */,
				04694F541F135AAC00C75788 /* Release */,
			);
			defaultConfigurationIsVisible = 0;
			defaultConfigurationName = Release;
		};
		04694F551F135AAC00C75788 /* Build configuration list for PBXNativeTarget "UIDynamicAnimation" */ = {
			isa = XCConfigurationList;
			buildConfigurations = (
				04694F561F135AAC00C75788 /* Debug */,
				04694F571F135AAC00C75788 /* Release */,
			);
			defaultConfigurationIsVisible = 0;
			defaultConfigurationName = Release;
		};
		04694F581F135AAC00C75788 /* Build configuration list for PBXNativeTarget "UIDynamicAnimationTests" */ = {
			isa = XCConfigurationList;
			buildConfigurations = (
				04694F591F135AAC00C75788 /* Debug */,
				04694F5A1F135AAC00C75788 /* Release */,
			);
			defaultConfigurationIsVisible = 0;
			defaultConfigurationName = Release;
		};
		04694F5B1F135AAC00C75788 /* Build configuration list for PBXNativeTarget "UIDynamicAnimationUITests" */ = {
			isa = XCConfigurationList;
			buildConfigurations = (
				04694F5C1F135AAC00C75788 /* Debug */,
				04694F5D1F135AAC00C75788 /* Release */,
			);
			defaultConfigurationIsVisible = 0;
			defaultConfigurationName = Release;
		};
/* End XCConfigurationList section */
	};
	rootObject = 04694F201F135AAB00C75788 /* Project object */;
}
